
Microsoft Visual Studio Solution File, Format Version 12.00
# Visual Studio Version 16
VisualStudioVersion = 16.0.31605.320
MinimumVisualStudioVersion = 10.0.40219.1
Project("{8BC9CEB8-8B4A-11D0-8D11-00A0C91BC942}") = "Goldstein-Price function", "Goldstein-Price function\Goldstein-Price function.vcxproj", "{2B0FB80B-2C82-49A6-9FB1-A6292A4F7137}"
EndProject
Project("{8BC9CEB8-8B4A-11D0-8D11-00A0C91BC942}") = "SCHWEFEL Problem", "SCHWEFEL Problem\SCHWEFEL Problem.vcxproj", "{F0FFF804-4CA5-4A7F-9625-D93FB876D344}"
EndProject
Project("{8BC9CEB8-8B4A-11D0-8D11-00A0C91BC942}") = "Simple Paraboloid", "Simple Paraboloid\Simple Paraboloid.vcxproj", "{09BD85B0-18BE-4BCF-8E5A-55E1C117C0BB}"
EndProject
Project("{8BC9CEB8-8B4A-11D0-8D11-00A0C91BC942}") = "Simple Linear Problem", "Simple Linear Problem\Simple Linear Problem.vcxproj", "{4E2A335C-CFBC-4FCB-A308-B69B4ED9C98A}"
EndProject
Project("{8BC9CEB8-8B4A-11D0-8D11-00A0C91BC942}") = "Paraboloid_Elongated1", "Paraboloid_Elongated1\Paraboloid_Elongated1.vcxproj", "{49E25185-E617-466A-9CA5-45D275F601B5}"
EndProject
Project("{8BC9CEB8-8B4A-11D0-8D11-00A0C91BC942}") = "Exponential_problem", "Exponential_problem\Exponential_problem.vcxproj", "{4E535F32-5AB6-40D2-9BB0-BEECA85A4A01}"
EndProject
Global
	GlobalSection(SolutionConfigurationPlatforms) = preSolution
		Debug|x64 = Debug|x64
		Debug|x86 = Debug|x86
		Release|x64 = Release|x64
		Release|x86 = Release|x86
	EndGlobalSection
	GlobalSection(ProjectConfigurationPlatforms) = postSolution
		{2B0FB80B-2C82-49A6-9FB1-A6292A4F7137}.Debug|x64.ActiveCfg = Debug|x64
		{2B0FB80B-2C82-49A6-9FB1-A6292A4F7137}.Debug|x64.Build.0 = Debug|x64
		{2B0FB80B-2C82-49A6-9FB1-A6292A4F7137}.Debug|x86.ActiveCfg = Debug|Win32
		{2B0FB80B-2C82-49A6-9FB1-A6292A4F7137}.Debug|x86.Build.0 = Debug|Win32
		{2B0FB80B-2C82-49A6-9FB1-A6292A4F7137}.Release|x64.ActiveCfg = Release|x64
		{2B0FB80B-2C82-49A6-9FB1-A6292A4F7137}.Release|x64.Build.0 = Release|x64
		{2B0FB80B-2C82-49A6-9FB1-A6292A4F7137}.Release|x86.ActiveCfg = Release|Win32
		{2B0FB80B-2C82-49A6-9FB1-A6292A4F7137}.Release|x86.Build.0 = Release|Win32
		{F0FFF804-4CA5-4A7F-9625-D93FB876D344}.Debug|x64.ActiveCfg = Debug|x64
		{F0FFF804-4CA5-4A7F-9625-D93FB876D344}.Debug|x64.Build.0 = Debug|x64
		{F0FFF804-4CA5-4A7F-9625-D93FB876D344}.Debug|x86.ActiveCfg = Debug|Win32
		{F0FFF804-4CA5-4A7F-9625-D93FB876D344}.Debug|x86.Build.0 = Debug|Win32
		{F0FFF804-4CA5-4A7F-9625-D93FB876D344}.Release|x64.ActiveCfg = Release|x64
		{F0FFF804-4CA5-4A7F-9625-D93FB876D344}.Release|x64.Build.0 = Release|x64
		{F0FFF804-4CA5-4A7F-9625-D93FB876D344}.Release|x86.ActiveCfg = Release|Win32
		{F0FFF804-4CA5-4A7F-9625-D93FB876D344}.Release|x86.Build.0 = Release|Win32
		{09BD85B0-18BE-4BCF-8E5A-55E1C117C0BB}.Debug|x64.ActiveCfg = Debug|x64
		{09BD85B0-18BE-4BCF-8E5A-55E1C117C0BB}.Debug|x64.Build.0 = Debug|x64
		{09BD85B0-18BE-4BCF-8E5A-55E1C117C0BB}.Debug|x86.ActiveCfg = Debug|Win32
		{09BD85B0-18BE-4BCF-8E5A-55E1C117C0BB}.Debug|x86.Build.0 = Debug|Win32
		{09BD85B0-18BE-4BCF-8E5A-55E1C117C0BB}.Release|x64.ActiveCfg = Release|x64
		{09BD85B0-18BE-4BCF-8E5A-55E1C117C0BB}.Release|x64.Build.0 = Release|x64
		{09BD85B0-18BE-4BCF-8E5A-55E1C117C0BB}.Release|x86.ActiveCfg = Release|Win32
		{09BD85B0-18BE-4BCF-8E5A-55E1C117C0BB}.Release|x86.Build.0 = Release|Win32
		{4E2A335C-CFBC-4FCB-A308-B69B4ED9C98A}.Debug|x64.ActiveCfg = Debug|x64
		{4E2A335C-CFBC-4FCB-A308-B69B4ED9C98A}.Debug|x64.Build.0 = Debug|x64
		{4E2A335C-CFBC-4FCB-A308-B69B4ED9C98A}.Debug|x86.ActiveCfg = Debug|Win32
		{4E2A335C-CFBC-4FCB-A308-B69B4ED9C98A}.Debug|x86.Build.0 = Debug|Win32
		{4E2A335C-CFBC-4FCB-A308-B69B4ED9C98A}.Release|x64.ActiveCfg = Release|x64
		{4E2A335C-CFBC-4FCB-A308-B69B4ED9C98A}.Release|x64.Build.0 = Release|x64
		{4E2A335C-CFBC-4FCB-A308-B69B4ED9C98A}.Release|x86.ActiveCfg = Release|Win32
		{4E2A335C-CFBC-4FCB-A308-B69B4ED9C98A}.Release|x86.Build.0 = Release|Win32
		{49E25185-E617-466A-9CA5-45D275F601B5}.Debug|x64.ActiveCfg = Debug|x64
		{49E25185-E617-466A-9CA5-45D275F601B5}.Debug|x64.Build.0 = Debug|x64
		{49E25185-E617-466A-9CA5-45D275F601B5}.Debug|x86.ActiveCfg = Debug|Win32
		{49E25185-E617-466A-9CA5-45D275F601B5}.Debug|x86.Build.0 = Debug|Win32
		{49E25185-E617-466A-9CA5-45D275F601B5}.Release|x64.ActiveCfg = Release|x64
		{49E25185-E617-466A-9CA5-45D275F601B5}.Release|x64.Build.0 = Release|x64
		{49E25185-E617-466A-9CA5-45D275F601B5}.Release|x86.ActiveCfg = Release|Win32
		{49E25185-E617-466A-9CA5-45D275F601B5}.Release|x86.Build.0 = Release|Win32
		{4E535F32-5AB6-40D2-9BB0-BEECA85A4A01}.Debug|x64.ActiveCfg = Debug|x64
		{4E535F32-5AB6-40D2-9BB0-BEECA85A4A01}.Debug|x64.Build.0 = Debug|x64
		{4E535F32-5AB6-40D2-9BB0-BEECA85A4A01}.Debug|x86.ActiveCfg = Debug|Win32
		{4E535F32-5AB6-40D2-9BB0-BEECA85A4A01}.Debug|x86.Build.0 = Debug|Win32
		{4E535F32-5AB6-40D2-9BB0-BEECA85A4A01}.Release|x64.ActiveCfg = Release|x64
		{4E535F32-5AB6-40D2-9BB0-BEECA85A4A01}.Release|x64.Build.0 = Release|x64
		{4E535F32-5AB6-40D2-9BB0-BEECA85A4A01}.Release|x86.ActiveCfg = Release|Win32
		{4E535F32-5AB6-40D2-9BB0-BEECA85A4A01}.Release|x86.Build.0 = Release|Win32
	EndGlobalSection
	GlobalSection(SolutionProperties) = preSolution
		HideSolutionNode = FALSE
	EndGlobalSection
	GlobalSection(ExtensibilityGlobals) = postSolution
		SolutionGuid = {9F11B22C-57CD-489F-82B6-5722799C7132}
	EndGlobalSection
EndGlobal
